#MicroXplorer Configuration settings - do not modify
Mcu.Family=STM32F4
ProjectManager.MainLocation=Core/Src
ProjectManager.ProjectFileName=TIM_MasterSlave.ioc
RCC.CortexFreq_Value=16000000
ProjectManager.KeepUserCode=true
Mcu.UserName=STM32F401RETx
Mcu.PinsNb=7
TIM3.AutoReloadPreload=TIM_AUTORELOAD_PRELOAD_DISABLE
ProjectManager.NoMain=false
TIM1.IPParameters=Prescaler,Period,TIM_MasterOutputTrigger,TIM_MasterSlaveMode,Slave_TriggerFilter
RCC.PLLCLKFreq_Value=96000000
RCC.PLLQCLKFreq_Value=48000000
ProjectManager.functionlistsort=1-MX_GPIO_Init-GPIO-false-HAL-true,2-SystemClock_Config-RCC-false-HAL-false,3-MX_TIM1_Init-TIM1-false-HAL-true,4-MX_TIM3_Init-TIM3-false-HAL-true
RCC.RTCFreq_Value=32000
ProjectManager.DefaultFWLocation=true
ProjectManager.DeletePrevious=true
SH.S_TIM1_CH1.ConfNb=1
PinOutPanel.RotationAngle=0
ProjectManager.StackSize=0x400
Mcu.IP4=TIM3
Mcu.IP2=SYS
NVIC.SVCall_IRQn=true\:0\:0\:false\:false\:true\:false\:false
Mcu.IP3=TIM1
Mcu.IP0=NVIC
Mcu.IP1=RCC
TIM1.Prescaler=15999
SH.S_TIM1_CH1.0=TIM1_CH1,TriggerSource_TI1FP1
Mcu.UserConstants=
ProjectManager.TargetToolchain=STM32CubeIDE
VP_TIM1_VS_ControllerModeTrigger.Signal=TIM1_VS_ControllerModeTrigger
Mcu.ThirdPartyNb=0
Mcu.IPNb=5
RCC.I2SClocksFreq_Value=96000000
ProjectManager.PreviousToolchain=
TIM3.Period=1
VP_TIM1_VS_ClockSourceINT.Signal=TIM1_VS_ClockSourceINT
RCC.VcooutputI2S=96000000
PA8.GPIOParameters=GPIO_ModeDefaultPP,GPIO_PuPd
Mcu.Pin6=VP_TIM3_VS_ClockSourceITR
ProjectManager.RegisterCallBack=
VP_TIM3_VS_ControllerModeClock.Mode=Clock Mode
VP_TIM3_VS_ClockSourceITR.Signal=TIM3_VS_ClockSourceITR
RCC.AHBFreq_Value=16000000
Mcu.Pin0=PA5
Mcu.Pin1=PA8
GPIO.groupedBy=Group By Peripherals
Mcu.Pin2=VP_SYS_VS_Systick
Mcu.Pin3=VP_TIM1_VS_ControllerModeTrigger
Mcu.Pin4=VP_TIM1_VS_ClockSourceINT
RCC.VCOI2SOutputFreq_Value=192000000
Mcu.Pin5=VP_TIM3_VS_ControllerModeClock
PA5.Signal=GPIO_Output
ProjectManager.ProjectBuild=false
RCC.HSE_VALUE=25000000
NVIC.UsageFault_IRQn=true\:0\:0\:false\:false\:true\:false\:false
NVIC.DebugMonitor_IRQn=true\:0\:0\:false\:false\:true\:false\:false
board=custom
PA8.GPIO_ModeDefaultPP=GPIO_MODE_AF_PP
RCC.VCOOutputFreq_Value=192000000
NVIC.SysTick_IRQn=true\:0\:0\:false\:false\:true\:false\:true
ProjectManager.LastFirmware=true
NVIC.TIM3_IRQn=true\:0\:0\:false\:false\:true\:true\:true
ProjectManager.FirmwarePackage=STM32Cube FW_F4 V1.26.0
TIM1.TIM_MasterOutputTrigger=TIM_TRGO_UPDATE
MxDb.Version=DB.6.0.20
RCC.APB2Freq_Value=16000000
ProjectManager.BackupPrevious=false
MxCube.Version=6.2.0
RCC.VCOInputFreq_Value=1000000
File.Version=6
VP_SYS_VS_Systick.Mode=SysTick
TIM3.IPParameters=Period,TIM_MasterOutputTrigger,TIM_MasterSlaveMode,AutoReloadPreload
NVIC.NonMaskableInt_IRQn=true\:0\:0\:false\:false\:true\:false\:false
PA8.Signal=S_TIM1_CH1
NVIC.PendSV_IRQn=true\:0\:0\:false\:false\:true\:false\:false
VP_TIM3_VS_ClockSourceITR.Mode=TriggerSource_ITR0
ProjectManager.FreePins=false
RCC.IPParameters=AHBFreq_Value,APB1Freq_Value,APB2Freq_Value,CortexFreq_Value,HSE_VALUE,HSI_VALUE,I2SClocksFreq_Value,LSI_VALUE,PLLCLKFreq_Value,PLLQCLKFreq_Value,RTCFreq_Value,RTCHSEDivFreq_Value,SYSCLKFreq_VALUE,VCOI2SOutputFreq_Value,VCOInputFreq_Value,VCOOutputFreq_Value,VcooutputI2S
ProjectManager.AskForMigrate=true
Mcu.Name=STM32F401R(D-E)Tx
ProjectManager.HalAssertFull=false
VP_TIM1_VS_ClockSourceINT.Mode=Internal
RCC.RTCHSEDivFreq_Value=12500000
ProjectManager.ProjectName=TIM_MasterSlave
ProjectManager.UnderRoot=true
TIM1.Slave_TriggerFilter=15
ProjectManager.CoupleFile=false
VP_TIM3_VS_ControllerModeClock.Signal=TIM3_VS_ControllerModeClock
RCC.SYSCLKFreq_VALUE=16000000
Mcu.Package=LQFP64
PA5.Locked=true
NVIC.ForceEnableDMAVector=true
KeepUserPlacement=false
NVIC.MemoryManagement_IRQn=true\:0\:0\:false\:false\:true\:false\:false
TIM3.TIM_MasterSlaveMode=TIM_MASTERSLAVEMODE_DISABLE
ProjectManager.CompilerOptimize=6
ProjectManager.ToolChainLocation=
RCC.LSI_VALUE=32000
VP_SYS_VS_Systick.Signal=SYS_VS_Systick
ProjectManager.HeapSize=0x200
NVIC.HardFault_IRQn=true\:0\:0\:false\:false\:true\:false\:false
ProjectManager.ComputerToolchain=false
RCC.HSI_VALUE=16000000
PA8.GPIO_PuPd=GPIO_PULLDOWN
NVIC.PriorityGroup=NVIC_PRIORITYGROUP_4
NVIC.BusFault_IRQn=true\:0\:0\:false\:false\:true\:false\:false
TIM1.Period=249
TIM3.TIM_MasterOutputTrigger=TIM_TRGO_RESET
RCC.APB1Freq_Value=16000000
ProjectManager.CustomerFirmwarePackage=
ProjectManager.DeviceId=STM32F401RETx
VP_TIM1_VS_ControllerModeTrigger.Mode=Trigger Mode
ProjectManager.LibraryCopy=1
TIM1.TIM_MasterSlaveMode=TIM_MASTERSLAVEMODE_ENABLE
isbadioc=false
